<?xml version="1.0" encoding="utf-8"?>
<Project ToolsVersion="4.0" xmlns="http://schemas.microsoft.com/developer/msbuild/2003">
  <ItemGroup>
    <Filter Include="Source Files">
      <UniqueIdentifier>{f1c288d9-ef1b-4030-b78a-bbc856ad5736}</UniqueIdentifier>
      <Extensions>cpp</Extensions>
    </Filter>
    <Filter Include="Header Files">
      <UniqueIdentifier>{f1619e33-e134-40b6-b393-7a529b7e6607}</UniqueIdentifier>
      <Extensions>h</Extensions>
    </Filter>
    <Filter Include="Miscellaneous Files">
      <UniqueIdentifier>{c69fa1a4-12e9-43bb-b184-6782cf614bcf}</UniqueIdentifier>
      <Extensions>txt</Extensions>
    </Filter>
  </ItemGroup>
  <ItemGroup>
    <ClCompile Include="DataToMatrixNode.cpp">
      <Filter>Source Files</Filter>
    </ClCompile>
    <ClCompile Include="MatlabCommand.cpp">
      <Filter>Source Files</Filter>
    </ClCompile>
    <ClCompile Include="MatlabMatrix.cpp">
      <Filter>Source Files</Filter>
    </ClCompile>
    <ClCompile Include="MatlabPluginNode.cpp">
      <Filter>Source Files</Filter>
    </ClCompile>
    <ClCompile Include="MeshInterpolationNode.cpp">
      <Filter>Source Files</Filter>
    </ClCompile>
    <ClCompile Include="MeshToMatrixNode.cpp">
      <Filter>Source Files</Filter>
    </ClCompile>
    <ClCompile Include="ModelPainterNode.cpp">
      <Filter>Source Files</Filter>
    </ClCompile>
    <ClCompile Include="pluginMain.cpp">
      <Filter>Source Files</Filter>
    </ClCompile>
    <ClCompile Include="stdafx.cpp">
      <Filter>Source Files</Filter>
    </ClCompile>
  </ItemGroup>
  <ItemGroup>
    <ClInclude Include="DataToMatrixNode.h">
      <Filter>Header Files</Filter>
    </ClInclude>
    <ClInclude Include="globals.h">
      <Filter>Header Files</Filter>
    </ClInclude>
    <ClInclude Include="MatlabCommand.h">
      <Filter>Header Files</Filter>
    </ClInclude>
    <ClInclude Include="MatlabMatrix.h">
      <Filter>Header Files</Filter>
    </ClInclude>
    <ClInclude Include="MatlabPluginNode.h">
      <Filter>Header Files</Filter>
    </ClInclude>
    <ClInclude Include="MeshInterpolationNode.h">
      <Filter>Header Files</Filter>
    </ClInclude>
    <ClInclude Include="MeshToMatrixNode.h">
      <Filter>Header Files</Filter>
    </ClInclude>
    <ClInclude Include="ModelPainterNode.h">
      <Filter>Header Files</Filter>
    </ClInclude>
    <ClInclude Include="stdafx.h">
      <Filter>Header Files</Filter>
    </ClInclude>
  </ItemGroup>
  <ItemGroup>
    <None Include="Options.txt">
      <Filter>Miscellaneous Files</Filter>
    </None>
    <None Include="ReadMe.txt">
      <Filter>Miscellaneous Files</Filter>
    </None>
  </ItemGroup>
</Project>